
Microsoft Visual Studio Solution File, Format Version 12.00
# Visual Studio 15
VisualStudioVersion = 15.0.26228.12
MinimumVisualStudioVersion = 10.0.40219.1
Project("{FAE04EC0-301F-11D3-BF4B-00C04F79EFBC}") = "Forservices.MOUSEY.Model", "..\Forservices.MOUSEY.Model\Forservices.MOUSEY.Model.csproj", "{78736709-B0FB-4258-AE54-EC4A07F16760}"
EndProject
Project("{FAE04EC0-301F-11D3-BF4B-00C04F79EFBC}") = "Forservices.MOUSEY.Notifier.WebAPI.Example", "..\Forservices.MOUSEY.Notifier.WebAPI.Example\Forservices.MOUSEY.Notifier.WebAPI.Example.csproj", "{F6DFDE99-50AC-4780-B720-4AC3A32BD887}"
EndProject
Global
	GlobalSection(SolutionConfigurationPlatforms) = preSolution
		Debug|Any CPU = Debug|Any CPU
		Debug|x64 = Debug|x64
		Release|Any CPU = Release|Any CPU
		Release|x64 = Release|x64
	EndGlobalSection
	GlobalSection(ProjectConfigurationPlatforms) = postSolution
		{78736709-B0FB-4258-AE54-EC4A07F16760}.Debug|Any CPU.ActiveCfg = Debug|Any CPU
		{78736709-B0FB-4258-AE54-EC4A07F16760}.Debug|Any CPU.Build.0 = Debug|Any CPU
		{78736709-B0FB-4258-AE54-EC4A07F16760}.Debug|x64.ActiveCfg = Debug|x64
		{78736709-B0FB-4258-AE54-EC4A07F16760}.Debug|x64.Build.0 = Debug|x64
		{78736709-B0FB-4258-AE54-EC4A07F16760}.Release|Any CPU.ActiveCfg = Release|Any CPU
		{78736709-B0FB-4258-AE54-EC4A07F16760}.Release|Any CPU.Build.0 = Release|Any CPU
		{78736709-B0FB-4258-AE54-EC4A07F16760}.Release|x64.ActiveCfg = Release|x64
		{78736709-B0FB-4258-AE54-EC4A07F16760}.Release|x64.Build.0 = Release|x64
		{F6DFDE99-50AC-4780-B720-4AC3A32BD887}.Debug|Any CPU.ActiveCfg = Debug|Any CPU
		{F6DFDE99-50AC-4780-B720-4AC3A32BD887}.Debug|Any CPU.Build.0 = Debug|Any CPU
		{F6DFDE99-50AC-4780-B720-4AC3A32BD887}.Debug|x64.ActiveCfg = Debug|Any CPU
		{F6DFDE99-50AC-4780-B720-4AC3A32BD887}.Debug|x64.Build.0 = Debug|Any CPU
		{F6DFDE99-50AC-4780-B720-4AC3A32BD887}.Release|Any CPU.ActiveCfg = Release|Any CPU
		{F6DFDE99-50AC-4780-B720-4AC3A32BD887}.Release|Any CPU.Build.0 = Release|Any CPU
		{F6DFDE99-50AC-4780-B720-4AC3A32BD887}.Release|x64.ActiveCfg = Release|Any CPU
		{F6DFDE99-50AC-4780-B720-4AC3A32BD887}.Release|x64.Build.0 = Release|Any CPU
	EndGlobalSection
	GlobalSection(SolutionProperties) = preSolution
		HideSolutionNode = FALSE
	EndGlobalSection
EndGlobal
